// !$*UTF8*$!
{
	archiveVersion = 1;
	classes = {
	};
	objectVersion = 46;
	objects = {

/* Begin PBXGroup section */
		DE857C171B9BDFD300607318 = {
			isa = PBXGroup;
			children = (
			);
			sourceTree = "<group>";
		};
/* End PBXGroup section */

/* Begin PBXProject section */
		DE857C181B9BDFD300607318 /* Project object */ = {
			isa = PBXProject;
			attributes = {
				LastUpgradeCheck = 0630;
			};
			buildConfigurationList = DE857C1B1B9BDFD300607318 /* Build configuration list for PBXProject "Meetup-Manager-AWS" */;
			compatibilityVersion = "Xcode 3.2";
			developmentRegion = English;
			hasScannedForEncodings = 0;
			knownRegions = (
				en,
			);
			mainGroup = DE857C171B9BDFD300607318;
			projectDirPath = "";
			projectRoot = "";
			targets = (
			);
		};
/* End PBXProject section */

/* Begin XCBuildConfiguration section */
		DE857C1C1B9BDFD300607318 /* Debug */ = {
			isa = XCBuildConfiguration;
			buildSettings = {
			};
			name = Debug;
		};
		DE857C1D1B9BDFD300607318 /* Release */ = {
			isa = XCBuildConfiguration;
			buildSettings = {
			};
			name = Release;
		};
/* End XCBuildConfiguration section */

/* Begin XCConfigurationList section */
		DE857C1B1B9BDFD300607318 /* Build configuration list for PBXProject "Meetup-Manager-AWS" */ = {
			isa = XCConfigurationList;
			buildConfigurations = (
				DE857C1C1B9BDFD300607318 /* Debug */,
				DE857C1D1B9BDFD300607318 /* Release */,
			);
			defaultConfigurationIsVisible = 0;
			defaultConfigurationName = Release;
		};
/* End XCConfigurationList section */
	};
	rootObject = DE857C181B9BDFD300607318 /* Project object */;
}
